
Microsoft Visual Studio Solution File, Format Version 12.00
# Visual Studio Version 16
VisualStudioVersion = 16.0.28729.10
MinimumVisualStudioVersion = 10.0.40219.1
Project("{FAE04EC0-301F-11D3-BF4B-00C04F79EFBC}") = "01_Challenge_Console", "01_Challenge_Console\01_Challenge_Console.csproj", "{CC0D2181-8E36-4ED6-AD58-E669877038D0}"
EndProject
Project("{FAE04EC0-301F-11D3-BF4B-00C04F79EFBC}") = "01_Challenge_Test", "01_Challenge_Test\01_Challenge_Test.csproj", "{AF6DC916-FBD2-4878-A344-9E04E315EB94}"
EndProject
Project("{FAE04EC0-301F-11D3-BF4B-00C04F79EFBC}") = "01_Challenge_Repository", "01_Challenge_Repository\01_Challenge_Repository.csproj", "{54E28285-962F-4259-9057-19297BB3155D}"
EndProject
Project("{FAE04EC0-301F-11D3-BF4B-00C04F79EFBC}") = "02_Challenge_Challenge", "02_Challenge_Challenge\02_Challenge_Challenge.csproj", "{C765D5D7-6687-4726-83B4-D9F0EB93DC22}"
EndProject
Project("{FAE04EC0-301F-11D3-BF4B-00C04F79EFBC}") = "02_Challenge_Repository", "02_Challenge_Repository\02_Challenge_Repository.csproj", "{82FD8967-F1C4-4614-BBCF-8C8307A48D47}"
EndProject
Project("{FAE04EC0-301F-11D3-BF4B-00C04F79EFBC}") = "02_Challenge_Test", "02_Challenge_Test\02_Challenge_Test.csproj", "{8C0D28DA-FDE7-4D89-BE9C-82DC77B9655C}"
EndProject
Project("{FAE04EC0-301F-11D3-BF4B-00C04F79EFBC}") = "03_Challenge_Console", "03_Challenge_Console\03_Challenge_Console.csproj", "{75C3154B-9501-437B-BB30-5F1C0AB09DEB}"
EndProject
Project("{FAE04EC0-301F-11D3-BF4B-00C04F79EFBC}") = "03_Challenge_Repository", "03_Challenge_Repository\03_Challenge_Repository.csproj", "{0B7D3B6B-25C4-4523-AB18-7D4FBA27CC0F}"
EndProject
Project("{FAE04EC0-301F-11D3-BF4B-00C04F79EFBC}") = "03_Challenge_Test", "03_Challenge_Test\03_Challenge_Test.csproj", "{A72E7D3F-2B61-462F-95A3-BD9D2F69DD06}"
EndProject
Project("{FAE04EC0-301F-11D3-BF4B-00C04F79EFBC}") = "04_Challenge_Console", "04_Challenge_Console\04_Challenge_Console.csproj", "{D4468870-DF2E-4A05-B712-6CAE26882323}"
EndProject
Project("{FAE04EC0-301F-11D3-BF4B-00C04F79EFBC}") = "04_Challenge_Repository", "04_Challenge_Repository\04_Challenge_Repository.csproj", "{BFE415E3-77BE-411E-BFD7-17389F10B9C8}"
EndProject
Project("{FAE04EC0-301F-11D3-BF4B-00C04F79EFBC}") = "04_Challenge_Test", "04_Challenge_Test\04_Challenge_Test.csproj", "{AA2E3715-070E-454A-9FB0-8EB162B5CFD6}"
EndProject
Global
	GlobalSection(SolutionConfigurationPlatforms) = preSolution
		Debug|Any CPU = Debug|Any CPU
		Release|Any CPU = Release|Any CPU
	EndGlobalSection
	GlobalSection(ProjectConfigurationPlatforms) = postSolution
		{CC0D2181-8E36-4ED6-AD58-E669877038D0}.Debug|Any CPU.ActiveCfg = Debug|Any CPU
		{CC0D2181-8E36-4ED6-AD58-E669877038D0}.Debug|Any CPU.Build.0 = Debug|Any CPU
		{CC0D2181-8E36-4ED6-AD58-E669877038D0}.Release|Any CPU.ActiveCfg = Release|Any CPU
		{CC0D2181-8E36-4ED6-AD58-E669877038D0}.Release|Any CPU.Build.0 = Release|Any CPU
		{AF6DC916-FBD2-4878-A344-9E04E315EB94}.Debug|Any CPU.ActiveCfg = Debug|Any CPU
		{AF6DC916-FBD2-4878-A344-9E04E315EB94}.Debug|Any CPU.Build.0 = Debug|Any CPU
		{AF6DC916-FBD2-4878-A344-9E04E315EB94}.Release|Any CPU.ActiveCfg = Release|Any CPU
		{AF6DC916-FBD2-4878-A344-9E04E315EB94}.Release|Any CPU.Build.0 = Release|Any CPU
		{54E28285-962F-4259-9057-19297BB3155D}.Debug|Any CPU.ActiveCfg = Debug|Any CPU
		{54E28285-962F-4259-9057-19297BB3155D}.Debug|Any CPU.Build.0 = Debug|Any CPU
		{54E28285-962F-4259-9057-19297BB3155D}.Release|Any CPU.ActiveCfg = Release|Any CPU
		{54E28285-962F-4259-9057-19297BB3155D}.Release|Any CPU.Build.0 = Release|Any CPU
		{C765D5D7-6687-4726-83B4-D9F0EB93DC22}.Debug|Any CPU.ActiveCfg = Debug|Any CPU
		{C765D5D7-6687-4726-83B4-D9F0EB93DC22}.Debug|Any CPU.Build.0 = Debug|Any CPU
		{C765D5D7-6687-4726-83B4-D9F0EB93DC22}.Release|Any CPU.ActiveCfg = Release|Any CPU
		{C765D5D7-6687-4726-83B4-D9F0EB93DC22}.Release|Any CPU.Build.0 = Release|Any CPU
		{82FD8967-F1C4-4614-BBCF-8C8307A48D47}.Debug|Any CPU.ActiveCfg = Debug|Any CPU
		{82FD8967-F1C4-4614-BBCF-8C8307A48D47}.Debug|Any CPU.Build.0 = Debug|Any CPU
		{82FD8967-F1C4-4614-BBCF-8C8307A48D47}.Release|Any CPU.ActiveCfg = Release|Any CPU
		{82FD8967-F1C4-4614-BBCF-8C8307A48D47}.Release|Any CPU.Build.0 = Release|Any CPU
		{8C0D28DA-FDE7-4D89-BE9C-82DC77B9655C}.Debug|Any CPU.ActiveCfg = Debug|Any CPU
		{8C0D28DA-FDE7-4D89-BE9C-82DC77B9655C}.Debug|Any CPU.Build.0 = Debug|Any CPU
		{8C0D28DA-FDE7-4D89-BE9C-82DC77B9655C}.Release|Any CPU.ActiveCfg = Release|Any CPU
		{8C0D28DA-FDE7-4D89-BE9C-82DC77B9655C}.Release|Any CPU.Build.0 = Release|Any CPU
		{75C3154B-9501-437B-BB30-5F1C0AB09DEB}.Debug|Any CPU.ActiveCfg = Debug|Any CPU
		{75C3154B-9501-437B-BB30-5F1C0AB09DEB}.Debug|Any CPU.Build.0 = Debug|Any CPU
		{75C3154B-9501-437B-BB30-5F1C0AB09DEB}.Release|Any CPU.ActiveCfg = Release|Any CPU
		{75C3154B-9501-437B-BB30-5F1C0AB09DEB}.Release|Any CPU.Build.0 = Release|Any CPU
		{0B7D3B6B-25C4-4523-AB18-7D4FBA27CC0F}.Debug|Any CPU.ActiveCfg = Debug|Any CPU
		{0B7D3B6B-25C4-4523-AB18-7D4FBA27CC0F}.Debug|Any CPU.Build.0 = Debug|Any CPU
		{0B7D3B6B-25C4-4523-AB18-7D4FBA27CC0F}.Release|Any CPU.ActiveCfg = Release|Any CPU
		{0B7D3B6B-25C4-4523-AB18-7D4FBA27CC0F}.Release|Any CPU.Build.0 = Release|Any CPU
		{A72E7D3F-2B61-462F-95A3-BD9D2F69DD06}.Debug|Any CPU.ActiveCfg = Debug|Any CPU
		{A72E7D3F-2B61-462F-95A3-BD9D2F69DD06}.Debug|Any CPU.Build.0 = Debug|Any CPU
		{A72E7D3F-2B61-462F-95A3-BD9D2F69DD06}.Release|Any CPU.ActiveCfg = Release|Any CPU
		{A72E7D3F-2B61-462F-95A3-BD9D2F69DD06}.Release|Any CPU.Build.0 = Release|Any CPU
		{D4468870-DF2E-4A05-B712-6CAE26882323}.Debug|Any CPU.ActiveCfg = Debug|Any CPU
		{D4468870-DF2E-4A05-B712-6CAE26882323}.Debug|Any CPU.Build.0 = Debug|Any CPU
		{D4468870-DF2E-4A05-B712-6CAE26882323}.Release|Any CPU.ActiveCfg = Release|Any CPU
		{D4468870-DF2E-4A05-B712-6CAE26882323}.Release|Any CPU.Build.0 = Release|Any CPU
		{BFE415E3-77BE-411E-BFD7-17389F10B9C8}.Debug|Any CPU.ActiveCfg = Debug|Any CPU
		{BFE415E3-77BE-411E-BFD7-17389F10B9C8}.Debug|Any CPU.Build.0 = Debug|Any CPU
		{BFE415E3-77BE-411E-BFD7-17389F10B9C8}.Release|Any CPU.ActiveCfg = Release|Any CPU
		{BFE415E3-77BE-411E-BFD7-17389F10B9C8}.Release|Any CPU.Build.0 = Release|Any CPU
		{AA2E3715-070E-454A-9FB0-8EB162B5CFD6}.Debug|Any CPU.ActiveCfg = Debug|Any CPU
		{AA2E3715-070E-454A-9FB0-8EB162B5CFD6}.Debug|Any CPU.Build.0 = Debug|Any CPU
		{AA2E3715-070E-454A-9FB0-8EB162B5CFD6}.Release|Any CPU.ActiveCfg = Release|Any CPU
		{AA2E3715-070E-454A-9FB0-8EB162B5CFD6}.Release|Any CPU.Build.0 = Release|Any CPU
	EndGlobalSection
	GlobalSection(SolutionProperties) = preSolution
		HideSolutionNode = FALSE
	EndGlobalSection
	GlobalSection(ExtensibilityGlobals) = postSolution
		SolutionGuid = {AE484A36-3717-4408-AC2E-E396CAF03F40}
	EndGlobalSection
EndGlobal
